{
  "name": "sc-react-redux",
  "version": "1.0.0",
  "lockfileVersion": 1,
  "dependencies": {
    "flow-bin": {
      "version": "0.51.1",
      "resolved": "https://registry.npmjs.org/flow-bin/-/flow-bin-0.51.1.tgz",
      "integrity": "sha1-eSnG8KlOdlQp/LLubkaCePqpxzI=",
      "dev": true
    }
  }
}
